
Microsoft Visual Studio Solution File, Format Version 12.00
# Visual Studio Version 16
VisualStudioVersion = 16.0.29806.167
MinimumVisualStudioVersion = 10.0.40219.1
Project("{9A19103F-16F7-4668-BE54-9A1E7A4F7556}") = "Fitness.BL", "Fitness.BL\Fitness.BL.csproj", "{CE99DD79-572E-4E9C-8750-FAFA87141210}"
EndProject
Project("{FAE04EC0-301F-11D3-BF4B-00C04F79EFBC}") = "Fitness.CMD", "Fitness.CMD\Fitness.CMD.csproj", "{5767A39F-D6BD-43B9-9B77-37FB1B96D579}"
EndProject
Project("{FAE04EC0-301F-11D3-BF4B-00C04F79EFBC}") = "Fitness.BLTests", "Fitness.BLTests\Fitness.BLTests.csproj", "{A45CDF2D-AA50-4F51-BA89-28AECF28ED28}"
EndProject
Global
	GlobalSection(SolutionConfigurationPlatforms) = preSolution
		Debug|Any CPU = Debug|Any CPU
		Release|Any CPU = Release|Any CPU
	EndGlobalSection
	GlobalSection(ProjectConfigurationPlatforms) = postSolution
		{CE99DD79-572E-4E9C-8750-FAFA87141210}.Debug|Any CPU.ActiveCfg = Debug|Any CPU
		{CE99DD79-572E-4E9C-8750-FAFA87141210}.Debug|Any CPU.Build.0 = Debug|Any CPU
		{CE99DD79-572E-4E9C-8750-FAFA87141210}.Release|Any CPU.ActiveCfg = Release|Any CPU
		{CE99DD79-572E-4E9C-8750-FAFA87141210}.Release|Any CPU.Build.0 = Release|Any CPU
		{5767A39F-D6BD-43B9-9B77-37FB1B96D579}.Debug|Any CPU.ActiveCfg = Debug|Any CPU
		{5767A39F-D6BD-43B9-9B77-37FB1B96D579}.Debug|Any CPU.Build.0 = Debug|Any CPU
		{5767A39F-D6BD-43B9-9B77-37FB1B96D579}.Release|Any CPU.ActiveCfg = Release|Any CPU
		{5767A39F-D6BD-43B9-9B77-37FB1B96D579}.Release|Any CPU.Build.0 = Release|Any CPU
		{A45CDF2D-AA50-4F51-BA89-28AECF28ED28}.Debug|Any CPU.ActiveCfg = Debug|Any CPU
		{A45CDF2D-AA50-4F51-BA89-28AECF28ED28}.Debug|Any CPU.Build.0 = Debug|Any CPU
		{A45CDF2D-AA50-4F51-BA89-28AECF28ED28}.Release|Any CPU.ActiveCfg = Release|Any CPU
		{A45CDF2D-AA50-4F51-BA89-28AECF28ED28}.Release|Any CPU.Build.0 = Release|Any CPU
	EndGlobalSection
	GlobalSection(SolutionProperties) = preSolution
		HideSolutionNode = FALSE
	EndGlobalSection
	GlobalSection(ExtensibilityGlobals) = postSolution
		SolutionGuid = {699F8ECC-D98F-492C-9950-5C3CC7C2444C}
	EndGlobalSection
EndGlobal
